// !$*UTF8*$!
{
	archiveVersion = 1;
	classes = {
	};
	objectVersion = 56;
	objects = {

/* Begin PBXBuildFile section */
		95E966DE2FD91FDF00877039 /* PrivacyInfo.xcprivacy in Resources */ = {isa = PBXBuildFile; fileRef = 95E966DD2FD91FDF00877039 /* PrivacyInfo.xcprivacy */; };
		AAAA00000000000000000030 /* BurnRewardApp.swift in Sources */ = {isa = PBXBuildFile; fileRef = AAAA00000000000000000010 /* BurnRewardApp.swift */; };
		AAAA00000000000000000031 /* ContentView.swift in Sources */ = {isa = PBXBuildFile; fileRef = AAAA00000000000000000011 /* ContentView.swift */; };
		AAAA00000000000000000032 /* PickRewardView.swift in Sources */ = {isa = PBXBuildFile; fileRef = AAAA00000000000000000012 /* PickRewardView.swift */; };
		AAAA00000000000000000033 /* WorkoutView.swift in Sources */ = {isa = PBXBuildFile; fileRef = AAAA00000000000000000013 /* WorkoutView.swift */; };
		AAAA00000000000000000034 /* EarnedView.swift in Sources */ = {isa = PBXBuildFile; fileRef = AAAA00000000000000000014 /* EarnedView.swift */; };
		AAAA00000000000000000035 /* WorkoutManager.swift in Sources */ = {isa = PBXBuildFile; fileRef = AAAA00000000000000000015 /* WorkoutManager.swift */; };
		AAAA00000000000000000036 /* Reward.swift in Sources */ = {isa = PBXBuildFile; fileRef = AAAA00000000000000000016 /* Reward.swift */; };
		AAAA00000000000000000037 /* Assets.xcassets in Resources */ = {isa = PBXBuildFile; fileRef = AAAA00000000000000000017 /* Assets.xcassets */; };
		AAAA00000000000000000038 /* HealthKit.framework in Frameworks */ = {isa = PBXBuildFile; fileRef = AAAA00000000000000000020 /* HealthKit.framework */; };
		AAAA00000000000000000039 /* PixelButtonStyle.swift in Sources */ = {isa = PBXBuildFile; fileRef = AAAA00000000000000000022 /* PixelButtonStyle.swift */; };
		AAAA00000000000000000040 /* Theme.swift in Sources */ = {isa = PBXBuildFile; fileRef = AAAA00000000000000000023 /* Theme.swift */; };
		AAAA00000000000000000041 /* Fonts/PressStart2P-Regular.ttf in Resources */ = {isa = PBXBuildFile; fileRef = AAAA00000000000000000024 /* Fonts/PressStart2P-Regular.ttf */; };
		AAAA00000000000000000110 /* SharedState.swift in Sources */ = {isa = PBXBuildFile; fileRef = AAAA00000000000000000100 /* SharedState.swift */; };
		AAAA00000000000000000111 /* SharedState.swift in Sources */ = {isa = PBXBuildFile; fileRef = AAAA00000000000000000100 /* SharedState.swift */; };
		AAAA00000000000000000112 /* BurnRewardComplicationBundle.swift in Sources */ = {isa = PBXBuildFile; fileRef = AAAA00000000000000000101 /* BurnRewardComplicationBundle.swift */; };
		AAAA00000000000000000113 /* BurnRewardComplication.swift in Sources */ = {isa = PBXBuildFile; fileRef = AAAA00000000000000000102 /* BurnRewardComplication.swift */; };
		AAAA00000000000000000114 /* BurnRewardComplication.appex in Embed App Extensions */ = {isa = PBXBuildFile; fileRef = AAAA00000000000000000105 /* BurnRewardComplication.appex */; settings = {ATTRIBUTES = (RemoveHeadersOnCopy, ); }; };
		AAAA00000000000000000210 /* WorkoutType.swift in Sources */ = {isa = PBXBuildFile; fileRef = AAAA00000000000000000200 /* WorkoutType.swift */; };
		AAAA00000000000000000211 /* HealthAccessView.swift in Sources */ = {isa = PBXBuildFile; fileRef = AAAA00000000000000000201 /* HealthAccessView.swift */; };
/* End PBXBuildFile section */

/* Begin PBXContainerItemProxy section */
		AAAA00000000000000000151 /* PBXContainerItemProxy */ = {
			isa = PBXContainerItemProxy;
			containerPortal = AAAA00000000000000000001 /* Project object */;
			proxyType = 1;
			remoteGlobalIDString = AAAA00000000000000000140;
			remoteInfo = BurnRewardComplication;
		};
/* End PBXContainerItemProxy section */

/* Begin PBXCopyFilesBuildPhase section */
		AAAA00000000000000000133 /* Embed App Extensions */ = {
			isa = PBXCopyFilesBuildPhase;
			buildActionMask = 2147483647;
			dstPath = "";
			dstSubfolderSpec = 13;
			files = (
				AAAA00000000000000000114 /* BurnRewardComplication.appex in Embed App Extensions */,
			);
			name = "Embed App Extensions";
			runOnlyForDeploymentPostprocessing = 0;
		};
/* End PBXCopyFilesBuildPhase section */

/* Begin PBXFileReference section */
		95E966DD2FD91FDF00877039 /* PrivacyInfo.xcprivacy */ = {isa = PBXFileReference; lastKnownFileType = text.xml; path = PrivacyInfo.xcprivacy; sourceTree = "<group>"; };
		AAAA00000000000000000010 /* BurnRewardApp.swift */ = {isa = PBXFileReference; lastKnownFileType = sourcecode.swift; path = BurnRewardApp.swift; sourceTree = "<group>"; };
		AAAA00000000000000000011 /* ContentView.swift */ = {isa = PBXFileReference; lastKnownFileType = sourcecode.swift; path = ContentView.swift; sourceTree = "<group>"; };
		AAAA00000000000000000012 /* PickRewardView.swift */ = {isa = PBXFileReference; lastKnownFileType = sourcecode.swift; path = PickRewardView.swift; sourceTree = "<group>"; };
		AAAA00000000000000000013 /* WorkoutView.swift */ = {isa = PBXFileReference; lastKnownFileType = sourcecode.swift; path = WorkoutView.swift; sourceTree = "<group>"; };
		AAAA00000000000000000014 /* EarnedView.swift */ = {isa = PBXFileReference; lastKnownFileType = sourcecode.swift; path = EarnedView.swift; sourceTree = "<group>"; };
		AAAA00000000000000000015 /* WorkoutManager.swift */ = {isa = PBXFileReference; lastKnownFileType = sourcecode.swift; path = WorkoutManager.swift; sourceTree = "<group>"; };
		AAAA00000000000000000016 /* Reward.swift */ = {isa = PBXFileReference; lastKnownFileType = sourcecode.swift; path = Reward.swift; sourceTree = "<group>"; };
		AAAA00000000000000000017 /* Assets.xcassets */ = {isa = PBXFileReference; lastKnownFileType = folder.assetcatalog; path = Assets.xcassets; sourceTree = "<group>"; };
		AAAA00000000000000000018 /* Info.plist */ = {isa = PBXFileReference; lastKnownFileType = text.plist.xml; path = Info.plist; sourceTree = "<group>"; };
		AAAA00000000000000000019 /* BurnReward_Watch_App.entitlements */ = {isa = PBXFileReference; lastKnownFileType = text.plist.entitlements; path = BurnReward_Watch_App.entitlements; sourceTree = "<group>"; };
		AAAA00000000000000000020 /* HealthKit.framework */ = {isa = PBXFileReference; lastKnownFileType = wrapper.framework; name = HealthKit.framework; path = System/Library/Frameworks/HealthKit.framework; sourceTree = SDKROOT; };
		AAAA00000000000000000021 /* BurnReward Watch App.app */ = {isa = PBXFileReference; explicitFileType = wrapper.application; includeInIndex = 0; path = "BurnReward Watch App.app"; sourceTree = BUILT_PRODUCTS_DIR; };
		AAAA00000000000000000022 /* PixelButtonStyle.swift */ = {isa = PBXFileReference; lastKnownFileType = sourcecode.swift; path = PixelButtonStyle.swift; sourceTree = "<group>"; };
		AAAA00000000000000000023 /* Theme.swift */ = {isa = PBXFileReference; lastKnownFileType = sourcecode.swift; path = Theme.swift; sourceTree = "<group>"; };
		AAAA00000000000000000024 /* Fonts/PressStart2P-Regular.ttf */ = {isa = PBXFileReference; lastKnownFileType = file; path = "Fonts/PressStart2P-Regular.ttf"; sourceTree = "<group>"; };
		AAAA00000000000000000100 /* SharedState.swift */ = {isa = PBXFileReference; lastKnownFileType = sourcecode.swift; path = SharedState.swift; sourceTree = "<group>"; };
		AAAA00000000000000000101 /* BurnRewardComplicationBundle.swift */ = {isa = PBXFileReference; lastKnownFileType = sourcecode.swift; path = BurnRewardComplicationBundle.swift; sourceTree = "<group>"; };
		AAAA00000000000000000102 /* BurnRewardComplication.swift */ = {isa = PBXFileReference; lastKnownFileType = sourcecode.swift; path = BurnRewardComplication.swift; sourceTree = "<group>"; };
		AAAA00000000000000000103 /* Info.plist */ = {isa = PBXFileReference; lastKnownFileType = text.plist.xml; path = Info.plist; sourceTree = "<group>"; };
		AAAA00000000000000000104 /* BurnRewardComplication.entitlements */ = {isa = PBXFileReference; lastKnownFileType = text.plist.entitlements; path = BurnRewardComplication.entitlements; sourceTree = "<group>"; };
		AAAA00000000000000000105 /* BurnRewardComplication.appex */ = {isa = PBXFileReference; explicitFileType = "wrapper.app-extension"; includeInIndex = 0; path = BurnRewardComplication.appex; sourceTree = BUILT_PRODUCTS_DIR; };
		AAAA00000000000000000200 /* WorkoutType.swift */ = {isa = PBXFileReference; lastKnownFileType = sourcecode.swift; path = WorkoutType.swift; sourceTree = "<group>"; };
		AAAA00000000000000000201 /* HealthAccessView.swift */ = {isa = PBXFileReference; lastKnownFileType = sourcecode.swift; path = HealthAccessView.swift; sourceTree = "<group>"; };
/* End PBXFileReference section */

/* Begin PBXFrameworksBuildPhase section */
		AAAA00000000000000000051 /* Frameworks */ = {
			isa = PBXFrameworksBuildPhase;
			buildActionMask = 2147483647;
			files = (
				AAAA00000000000000000038 /* HealthKit.framework in Frameworks */,
			);
			runOnlyForDeploymentPostprocessing = 0;
		};
		AAAA00000000000000000131 /* Frameworks */ = {
			isa = PBXFrameworksBuildPhase;
			buildActionMask = 2147483647;
			files = (
			);
			runOnlyForDeploymentPostprocessing = 0;
		};
/* End PBXFrameworksBuildPhase section */

/* Begin PBXGroup section */
		AAAA00000000000000000002 = {
			isa = PBXGroup;
			children = (
				95E966DD2FD91FDF00877039 /* PrivacyInfo.xcprivacy */,
				AAAA00000000000000000005 /* BurnReward Watch App */,
				AAAA00000000000000000120 /* BurnRewardComplication */,
				AAAA00000000000000000121 /* Shared */,
				AAAA00000000000000000004 /* Frameworks */,
				AAAA00000000000000000003 /* Products */,
			);
			sourceTree = "<group>";
		};
		AAAA00000000000000000003 /* Products */ = {
			isa = PBXGroup;
			children = (
				AAAA00000000000000000021 /* BurnReward Watch App.app */,
				AAAA00000000000000000105 /* BurnRewardComplication.appex */,
			);
			name = Products;
			sourceTree = "<group>";
		};
		AAAA00000000000000000004 /* Frameworks */ = {
			isa = PBXGroup;
			children = (
				AAAA00000000000000000020 /* HealthKit.framework */,
			);
			name = Frameworks;
			sourceTree = "<group>";
		};
		AAAA00000000000000000005 /* BurnReward Watch App */ = {
			isa = PBXGroup;
			children = (
				AAAA00000000000000000010 /* BurnRewardApp.swift */,
				AAAA00000000000000000011 /* ContentView.swift */,
				AAAA00000000000000000012 /* PickRewardView.swift */,
				AAAA00000000000000000013 /* WorkoutView.swift */,
				AAAA00000000000000000014 /* EarnedView.swift */,
				AAAA00000000000000000015 /* WorkoutManager.swift */,
				AAAA00000000000000000016 /* Reward.swift */,
				AAAA00000000000000000200 /* WorkoutType.swift */,
				AAAA00000000000000000201 /* HealthAccessView.swift */,
				AAAA00000000000000000022 /* PixelButtonStyle.swift */,
				AAAA00000000000000000023 /* Theme.swift */,
				AAAA00000000000000000024 /* Fonts/PressStart2P-Regular.ttf */,
				AAAA00000000000000000017 /* Assets.xcassets */,
				AAAA00000000000000000018 /* Info.plist */,
				AAAA00000000000000000019 /* BurnReward_Watch_App.entitlements */,
			);
			path = "BurnReward Watch App";
			sourceTree = "<group>";
		};
		AAAA00000000000000000120 /* BurnRewardComplication */ = {
			isa = PBXGroup;
			children = (
				AAAA00000000000000000101 /* BurnRewardComplicationBundle.swift */,
				AAAA00000000000000000102 /* BurnRewardComplication.swift */,
				AAAA00000000000000000103 /* Info.plist */,
				AAAA00000000000000000104 /* BurnRewardComplication.entitlements */,
			);
			path = BurnRewardComplication;
			sourceTree = "<group>";
		};
		AAAA00000000000000000121 /* Shared */ = {
			isa = PBXGroup;
			children = (
				AAAA00000000000000000100 /* SharedState.swift */,
			);
			path = Shared;
			sourceTree = "<group>";
		};
/* End PBXGroup section */

/* Begin PBXNativeTarget section */
		AAAA00000000000000000060 /* BurnReward Watch App */ = {
			isa = PBXNativeTarget;
			buildConfigurationList = AAAA00000000000000000071 /* Build configuration list for PBXNativeTarget "BurnReward Watch App" */;
			buildPhases = (
				AAAA00000000000000000050 /* Sources */,
				AAAA00000000000000000051 /* Frameworks */,
				AAAA00000000000000000052 /* Resources */,
				AAAA00000000000000000133 /* Embed App Extensions */,
			);
			buildRules = (
			);
			dependencies = (
				AAAA00000000000000000150 /* PBXTargetDependency */,
			);
			name = "BurnReward Watch App";
			productName = "BurnReward Watch App";
			productReference = AAAA00000000000000000021 /* BurnReward Watch App.app */;
			productType = "com.apple.product-type.application";
		};
		AAAA00000000000000000140 /* BurnRewardComplication */ = {
			isa = PBXNativeTarget;
			buildConfigurationList = AAAA00000000000000000162 /* Build configuration list for PBXNativeTarget "BurnRewardComplication" */;
			buildPhases = (
				AAAA00000000000000000130 /* Sources */,
				AAAA00000000000000000131 /* Frameworks */,
				AAAA00000000000000000132 /* Resources */,
			);
			buildRules = (
			);
			dependencies = (
			);
			name = BurnRewardComplication;
			productName = BurnRewardComplication;
			productReference = AAAA00000000000000000105 /* BurnRewardComplication.appex */;
			productType = "com.apple.product-type.app-extension";
		};
/* End PBXNativeTarget section */

/* Begin PBXProject section */
		AAAA00000000000000000001 /* Project object */ = {
			isa = PBXProject;
			attributes = {
				BuildIndependentTargetsInParallel = 1;
				LastSwiftUpdateCheck = 1500;
				LastUpgradeCheck = 1500;
				TargetAttributes = {
					AAAA00000000000000000060 = {
						CreatedOnToolsVersion = 15.0;
					};
					AAAA00000000000000000140 = {
						CreatedOnToolsVersion = 15.0;
					};
				};
			};
			buildConfigurationList = AAAA00000000000000000070 /* Build configuration list for PBXProject "BurnReward" */;
			compatibilityVersion = "Xcode 14.0";
			developmentRegion = en;
			hasScannedForEncodings = 0;
			knownRegions = (
				en,
				Base,
			);
			mainGroup = AAAA00000000000000000002;
			productRefGroup = AAAA00000000000000000003 /* Products */;
			projectDirPath = "";
			projectRoot = "";
			targets = (
				AAAA00000000000000000060 /* BurnReward Watch App */,
				AAAA00000000000000000140 /* BurnRewardComplication */,
			);
		};
/* End PBXProject section */

/* Begin PBXResourcesBuildPhase section */
		AAAA00000000000000000052 /* Resources */ = {
			isa = PBXResourcesBuildPhase;
			buildActionMask = 2147483647;
			files = (
				95E966DE2FD91FDF00877039 /* PrivacyInfo.xcprivacy in Resources */,
				AAAA00000000000000000037 /* Assets.xcassets in Resources */,
				AAAA00000000000000000041 /* Fonts/PressStart2P-Regular.ttf in Resources */,
			);
			runOnlyForDeploymentPostprocessing = 0;
		};
		AAAA00000000000000000132 /* Resources */ = {
			isa = PBXResourcesBuildPhase;
			buildActionMask = 2147483647;
			files = (
			);
			runOnlyForDeploymentPostprocessing = 0;
		};
/* End PBXResourcesBuildPhase section */

/* Begin PBXSourcesBuildPhase section */
		AAAA00000000000000000050 /* Sources */ = {
			isa = PBXSourcesBuildPhase;
			buildActionMask = 2147483647;
			files = (
				AAAA00000000000000000030 /* BurnRewardApp.swift in Sources */,
				AAAA00000000000000000031 /* ContentView.swift in Sources */,
				AAAA00000000000000000032 /* PickRewardView.swift in Sources */,
				AAAA00000000000000000033 /* WorkoutView.swift in Sources */,
				AAAA00000000000000000034 /* EarnedView.swift in Sources */,
				AAAA00000000000000000035 /* WorkoutManager.swift in Sources */,
				AAAA00000000000000000036 /* Reward.swift in Sources */,
				AAAA00000000000000000210 /* WorkoutType.swift in Sources */,
				AAAA00000000000000000211 /* HealthAccessView.swift in Sources */,
				AAAA00000000000000000039 /* PixelButtonStyle.swift in Sources */,
				AAAA00000000000000000040 /* Theme.swift in Sources */,
				AAAA00000000000000000110 /* SharedState.swift in Sources */,
			);
			runOnlyForDeploymentPostprocessing = 0;
		};
		AAAA00000000000000000130 /* Sources */ = {
			isa = PBXSourcesBuildPhase;
			buildActionMask = 2147483647;
			files = (
				AAAA00000000000000000112 /* BurnRewardComplicationBundle.swift in Sources */,
				AAAA00000000000000000113 /* BurnRewardComplication.swift in Sources */,
				AAAA00000000000000000111 /* SharedState.swift in Sources */,
			);
			runOnlyForDeploymentPostprocessing = 0;
		};
/* End PBXSourcesBuildPhase section */

/* Begin PBXTargetDependency section */
		AAAA00000000000000000150 /* PBXTargetDependency */ = {
			isa = PBXTargetDependency;
			target = AAAA00000000000000000140 /* BurnRewardComplication */;
			targetProxy = AAAA00000000000000000151 /* PBXContainerItemProxy */;
		};
/* End PBXTargetDependency section */

/* Begin XCBuildConfiguration section */
		AAAA00000000000000000080 /* Debug */ = {
			isa = XCBuildConfiguration;
			buildSettings = {
				ALWAYS_SEARCH_USER_PATHS = NO;
				CLANG_ANALYZER_NONNULL = YES;
				CLANG_CXX_LANGUAGE_STANDARD = "gnu++20";
				CLANG_ENABLE_MODULES = YES;
				CLANG_ENABLE_OBJC_ARC = YES;
				CLANG_ENABLE_OBJC_WEAK = YES;
				CLANG_WARN_BLOCK_CAPTURE_AUTORELEASING = YES;
				CLANG_WARN_BOOL_CONVERSION = YES;
				CLANG_WARN_COMMA = YES;
				CLANG_WARN_CONSTANT_CONVERSION = YES;
				CLANG_WARN_DEPRECATED_OBJC_IMPLEMENTATIONS = YES;
				CLANG_WARN_DIRECT_OBJC_ISA_USAGE = YES_ERROR;
				CLANG_WARN_EMPTY_BODY = YES;
				CLANG_WARN_ENUM_CONVERSION = YES;
				CLANG_WARN_INFINITE_RECURSION = YES;
				CLANG_WARN_INT_CONVERSION = YES;
				CLANG_WARN_NON_LITERAL_NULL_CONVERSION = YES;
				CLANG_WARN_OBJC_IMPLICIT_RETAIN_CYCLES = YES;
				CLANG_WARN_OBJC_LITERAL_CONVERSION = YES;
				CLANG_WARN_OBJC_ROOT_CLASS = YES_ERROR;
				CLANG_WARN_RANGE_LOOP_ANALYSIS = YES;
				CLANG_WARN_STRICT_PROTOTYPES = YES;
				CLANG_WARN_SUSPICIOUS_MOVE = YES;
				CLANG_WARN_UNGUARDED_AVAILABILITY = YES_AGGRESSIVE;
				CLANG_WARN_UNREACHABLE_CODE = YES;
				CLANG_WARN__DUPLICATE_METHOD_MATCH = YES;
				COPY_PHASE_STRIP = NO;
				DEBUG_INFORMATION_FORMAT = dwarf;
				ENABLE_STRICT_OBJC_MSGSEND = YES;
				ENABLE_TESTABILITY = YES;
				GCC_C_LANGUAGE_STANDARD = gnu17;
				GCC_DYNAMIC_NO_PIC = NO;
				GCC_NO_COMMON_BLOCKS = YES;
				GCC_OPTIMIZATION_LEVEL = 0;
				GCC_PREPROCESSOR_DEFINITIONS = (
					"DEBUG=1",
					"$(inherited)",
				);
				GCC_WARN_64_TO_32_BIT_CONVERSION = YES;
				GCC_WARN_ABOUT_RETURN_TYPE = YES_ERROR;
				GCC_WARN_UNDECLARED_SELECTOR = YES;
				GCC_WARN_UNINITIALIZED_AUTOS = YES_AGGRESSIVE;
				GCC_WARN_UNUSED_FUNCTION = YES;
				GCC_WARN_UNUSED_VARIABLE = YES;
				MTL_ENABLE_DEBUG_INFO = INCLUDE_SOURCE;
				MTL_FAST_MATH = YES;
				ONLY_ACTIVE_ARCH = YES;
				SDKROOT = watchos;
				SWIFT_ACTIVE_COMPILATION_CONDITIONS = "DEBUG $(inherited)";
				SWIFT_OPTIMIZATION_LEVEL = "-Onone";
				WATCHOS_DEPLOYMENT_TARGET = 10.0;
			};
			name = Debug;
		};
		AAAA00000000000000000081 /* Release */ = {
			isa = XCBuildConfiguration;
			buildSettings = {
				ALWAYS_SEARCH_USER_PATHS = NO;
				CLANG_ANALYZER_NONNULL = YES;
				CLANG_CXX_LANGUAGE_STANDARD = "gnu++20";
				CLANG_ENABLE_MODULES = YES;
				CLANG_ENABLE_OBJC_ARC = YES;
				CLANG_ENABLE_OBJC_WEAK = YES;
				CLANG_WARN_BLOCK_CAPTURE_AUTORELEASING = YES;
				CLANG_WARN_BOOL_CONVERSION = YES;
				CLANG_WARN_COMMA = YES;
				CLANG_WARN_CONSTANT_CONVERSION = YES;
				CLANG_WARN_DEPRECATED_OBJC_IMPLEMENTATIONS = YES;
				CLANG_WARN_DIRECT_OBJC_ISA_USAGE = YES_ERROR;
				CLANG_WARN_EMPTY_BODY = YES;
				CLANG_WARN_ENUM_CONVERSION = YES;
				CLANG_WARN_INFINITE_RECURSION = YES;
				CLANG_WARN_INT_CONVERSION = YES;
				CLANG_WARN_NON_LITERAL_NULL_CONVERSION = YES;
				CLANG_WARN_OBJC_IMPLICIT_RETAIN_CYCLES = YES;
				CLANG_WARN_OBJC_LITERAL_CONVERSION = YES;
				CLANG_WARN_OBJC_ROOT_CLASS = YES_ERROR;
				CLANG_WARN_RANGE_LOOP_ANALYSIS = YES;
				CLANG_WARN_STRICT_PROTOTYPES = YES;
				CLANG_WARN_SUSPICIOUS_MOVE = YES;
				CLANG_WARN_UNGUARDED_AVAILABILITY = YES_AGGRESSIVE;
				CLANG_WARN_UNREACHABLE_CODE = YES;
				CLANG_WARN__DUPLICATE_METHOD_MATCH = YES;
				COPY_PHASE_STRIP = NO;
				DEBUG_INFORMATION_FORMAT = "dwarf-with-dsym";
				ENABLE_NS_ASSERTIONS = NO;
				ENABLE_STRICT_OBJC_MSGSEND = YES;
				GCC_C_LANGUAGE_STANDARD = gnu17;
				GCC_NO_COMMON_BLOCKS = YES;
				GCC_WARN_64_TO_32_BIT_CONVERSION = YES;
				GCC_WARN_ABOUT_RETURN_TYPE = YES_ERROR;
				GCC_WARN_UNDECLARED_SELECTOR = YES;
				GCC_WARN_UNINITIALIZED_AUTOS = YES_AGGRESSIVE;
				GCC_WARN_UNUSED_FUNCTION = YES;
				GCC_WARN_UNUSED_VARIABLE = YES;
				MTL_ENABLE_DEBUG_INFO = NO;
				MTL_FAST_MATH = YES;
				SDKROOT = watchos;
				SWIFT_COMPILATION_MODE = wholemodule;
				WATCHOS_DEPLOYMENT_TARGET = 10.0;
			};
			name = Release;
		};
		AAAA00000000000000000082 /* Debug */ = {
			isa = XCBuildConfiguration;
			buildSettings = {
				ASSETCATALOG_COMPILER_APPICON_NAME = AppIcon;
				ASSETCATALOG_COMPILER_GLOBAL_ACCENT_COLOR_NAME = AccentColor;
				CODE_SIGN_ENTITLEMENTS = "BurnReward Watch App/BurnReward_Watch_App.entitlements";
				CODE_SIGN_STYLE = Automatic;
				CURRENT_PROJECT_VERSION = 1;
				DEVELOPMENT_TEAM = 334V6U8V7S;
				GENERATE_INFOPLIST_FILE = NO;
				INFOPLIST_FILE = "BurnReward Watch App/Info.plist";
				LD_RUNPATH_SEARCH_PATHS = (
					"$(inherited)",
					"@executable_path/Frameworks",
				);
				MARKETING_VERSION = 1.0;
				PRODUCT_BUNDLE_IDENTIFIER = com.burnrewardapp.watch;
				PRODUCT_NAME = "$(TARGET_NAME)";
				SDKROOT = watchos;
				SKIP_INSTALL = NO;
				SWIFT_EMIT_LOC_STRINGS = YES;
				SWIFT_VERSION = 5.0;
				TARGETED_DEVICE_FAMILY = 4;
				WATCHOS_DEPLOYMENT_TARGET = 10.0;
			};
			name = Debug;
		};
		AAAA00000000000000000083 /* Release */ = {
			isa = XCBuildConfiguration;
			buildSettings = {
				ASSETCATALOG_COMPILER_APPICON_NAME = AppIcon;
				ASSETCATALOG_COMPILER_GLOBAL_ACCENT_COLOR_NAME = AccentColor;
				CODE_SIGN_ENTITLEMENTS = "BurnReward Watch App/BurnReward_Watch_App.entitlements";
				CODE_SIGN_STYLE = Automatic;
				CURRENT_PROJECT_VERSION = 1;
				DEVELOPMENT_TEAM = 334V6U8V7S;
				GENERATE_INFOPLIST_FILE = NO;
				INFOPLIST_FILE = "BurnReward Watch App/Info.plist";
				LD_RUNPATH_SEARCH_PATHS = (
					"$(inherited)",
					"@executable_path/Frameworks",
				);
				MARKETING_VERSION = 1.0;
				PRODUCT_BUNDLE_IDENTIFIER = com.burnrewardapp.watch;
				PRODUCT_NAME = "$(TARGET_NAME)";
				SDKROOT = watchos;
				SKIP_INSTALL = NO;
				SWIFT_EMIT_LOC_STRINGS = YES;
				SWIFT_VERSION = 5.0;
				TARGETED_DEVICE_FAMILY = 4;
				WATCHOS_DEPLOYMENT_TARGET = 10.0;
			};
			name = Release;
		};
		AAAA00000000000000000160 /* Debug */ = {
			isa = XCBuildConfiguration;
			buildSettings = {
				CLANG_ANALYZER_NONNULL = YES;
				CODE_SIGN_ENTITLEMENTS = BurnRewardComplication/BurnRewardComplication.entitlements;
				CODE_SIGN_STYLE = Automatic;
				CURRENT_PROJECT_VERSION = 1;
				DEVELOPMENT_TEAM = 334V6U8V7S;
				GENERATE_INFOPLIST_FILE = YES;
				INFOPLIST_FILE = BurnRewardComplication/Info.plist;
				INFOPLIST_KEY_CFBundleDisplayName = BurnReward;
				LD_RUNPATH_SEARCH_PATHS = (
					"$(inherited)",
					"@executable_path/Frameworks",
					"@executable_path/../../Frameworks",
				);
				MARKETING_VERSION = 1.0;
				PRODUCT_BUNDLE_IDENTIFIER = com.burnrewardapp.watch.complication;
				PRODUCT_NAME = "$(TARGET_NAME)";
				SDKROOT = watchos;
				SKIP_INSTALL = YES;
				SWIFT_EMIT_LOC_STRINGS = YES;
				SWIFT_VERSION = 5.0;
				TARGETED_DEVICE_FAMILY = 4;
				WATCHOS_DEPLOYMENT_TARGET = 10.0;
			};
			name = Debug;
		};
		AAAA00000000000000000161 /* Release */ = {
			isa = XCBuildConfiguration;
			buildSettings = {
				CLANG_ANALYZER_NONNULL = YES;
				CODE_SIGN_ENTITLEMENTS = BurnRewardComplication/BurnRewardComplication.entitlements;
				CODE_SIGN_STYLE = Automatic;
				CURRENT_PROJECT_VERSION = 1;
				DEVELOPMENT_TEAM = 334V6U8V7S;
				GENERATE_INFOPLIST_FILE = YES;
				INFOPLIST_FILE = BurnRewardComplication/Info.plist;
				INFOPLIST_KEY_CFBundleDisplayName = BurnReward;
				LD_RUNPATH_SEARCH_PATHS = (
					"$(inherited)",
					"@executable_path/Frameworks",
					"@executable_path/../../Frameworks",
				);
				MARKETING_VERSION = 1.0;
				PRODUCT_BUNDLE_IDENTIFIER = com.burnrewardapp.watch.complication;
				PRODUCT_NAME = "$(TARGET_NAME)";
				SDKROOT = watchos;
				SKIP_INSTALL = YES;
				SWIFT_EMIT_LOC_STRINGS = YES;
				SWIFT_VERSION = 5.0;
				TARGETED_DEVICE_FAMILY = 4;
				WATCHOS_DEPLOYMENT_TARGET = 10.0;
			};
			name = Release;
		};
/* End XCBuildConfiguration section */

/* Begin XCConfigurationList section */
		AAAA00000000000000000070 /* Build configuration list for PBXProject "BurnReward" */ = {
			isa = XCConfigurationList;
			buildConfigurations = (
				AAAA00000000000000000080 /* Debug */,
				AAAA00000000000000000081 /* Release */,
			);
			defaultConfigurationIsVisible = 0;
			defaultConfigurationName = Release;
		};
		AAAA00000000000000000071 /* Build configuration list for PBXNativeTarget "BurnReward Watch App" */ = {
			isa = XCConfigurationList;
			buildConfigurations = (
				AAAA00000000000000000082 /* Debug */,
				AAAA00000000000000000083 /* Release */,
			);
			defaultConfigurationIsVisible = 0;
			defaultConfigurationName = Release;
		};
		AAAA00000000000000000162 /* Build configuration list for PBXNativeTarget "BurnRewardComplication" */ = {
			isa = XCConfigurationList;
			buildConfigurations = (
				AAAA00000000000000000160 /* Debug */,
				AAAA00000000000000000161 /* Release */,
			);
			defaultConfigurationIsVisible = 0;
			defaultConfigurationName = Release;
		};
/* End XCConfigurationList section */
	};
	rootObject = AAAA00000000000000000001 /* Project object */;
}
