// !$*UTF8*$!
{
	archiveVersion = 1;
	classes = {
	};
	objectVersion = 77;
	objects = {

/* Begin PBXBuildFile section */
		95DEE8CD2FE2393A00170856 /* BurnReward Watch App.app in Embed Watch Content */ = {isa = PBXBuildFile; fileRef = 95DEE8CC2FE2393A00170856 /* BurnReward Watch App.app */; settings = {ATTRIBUTES = (RemoveHeadersOnCopy, ); }; };
		95DEE9032FE24A4F00170856 /* WidgetKit.framework in Frameworks */ = {isa = PBXBuildFile; fileRef = 95DEE9022FE24A4F00170856 /* WidgetKit.framework */; };
		95DEE9052FE24A4F00170856 /* SwiftUI.framework in Frameworks */ = {isa = PBXBuildFile; fileRef = 95DEE9042FE24A4F00170856 /* SwiftUI.framework */; };
		95DEE9102FE24A5100170856 /* BurnRewardComplicationExtension.appex in Embed Foundation Extensions */ = {isa = PBXBuildFile; fileRef = 95DEE9002FE24A4F00170856 /* BurnRewardComplicationExtension.appex */; settings = {ATTRIBUTES = (RemoveHeadersOnCopy, ); }; };
/* End PBXBuildFile section */

/* Begin PBXContainerItemProxy section */
		95DEE8CE2FE2393A00170856 /* PBXContainerItemProxy */ = {
			isa = PBXContainerItemProxy;
			containerPortal = 95DEE8B72FE2393700170856 /* Project object */;
			proxyType = 1;
			remoteGlobalIDString = 95DEE8CB2FE2393A00170856;
			remoteInfo = "BurnReward Watch App";
		};
		95DEE90E2FE24A5100170856 /* PBXContainerItemProxy */ = {
			isa = PBXContainerItemProxy;
			containerPortal = 95DEE8B72FE2393700170856 /* Project object */;
			proxyType = 1;
			remoteGlobalIDString = 95DEE8FF2FE24A4F00170856;
			remoteInfo = BurnRewardComplicationExtension;
		};
/* End PBXContainerItemProxy section */

/* Begin PBXCopyFilesBuildPhase section */
		95DEE8DC2FE2393B00170856 /* Embed Watch Content */ = {
			isa = PBXCopyFilesBuildPhase;
			buildActionMask = 2147483647;
			dstPath = "$(CONTENTS_FOLDER_PATH)/Watch";
			dstSubfolderSpec = 16;
			files = (
				95DEE8CD2FE2393A00170856 /* BurnReward Watch App.app in Embed Watch Content */,
			);
			name = "Embed Watch Content";
			runOnlyForDeploymentPostprocessing = 0;
		};
		95DEE9152FE24A5100170856 /* Embed Foundation Extensions */ = {
			isa = PBXCopyFilesBuildPhase;
			buildActionMask = 2147483647;
			dstPath = "";
			dstSubfolderSpec = 13;
			files = (
				95DEE9102FE24A5100170856 /* BurnRewardComplicationExtension.appex in Embed Foundation Extensions */,
			);
			name = "Embed Foundation Extensions";
			runOnlyForDeploymentPostprocessing = 0;
		};
/* End PBXCopyFilesBuildPhase section */

/* Begin PBXFileReference section */
		95DEE8BF2FE2393800170856 /* BurnReward.app */ = {isa = PBXFileReference; explicitFileType = wrapper.application; includeInIndex = 0; path = BurnReward.app; sourceTree = BUILT_PRODUCTS_DIR; };
		95DEE8CC2FE2393A00170856 /* BurnReward Watch App.app */ = {isa = PBXFileReference; explicitFileType = wrapper.application; includeInIndex = 0; path = "BurnReward Watch App.app"; sourceTree = BUILT_PRODUCTS_DIR; };
		95DEE9002FE24A4F00170856 /* BurnRewardComplicationExtension.appex */ = {isa = PBXFileReference; explicitFileType = "wrapper.app-extension"; includeInIndex = 0; path = BurnRewardComplicationExtension.appex; sourceTree = BUILT_PRODUCTS_DIR; };
		95DEE9022FE24A4F00170856 /* WidgetKit.framework */ = {isa = PBXFileReference; lastKnownFileType = wrapper.framework; name = WidgetKit.framework; path = System/Library/Frameworks/WidgetKit.framework; sourceTree = SDKROOT; };
		95DEE9042FE24A4F00170856 /* SwiftUI.framework */ = {isa = PBXFileReference; lastKnownFileType = wrapper.framework; name = SwiftUI.framework; path = System/Library/Frameworks/SwiftUI.framework; sourceTree = SDKROOT; };
		95DEE91F2FE2598D00170856 /* BurnRewardComplicationExtension.entitlements */ = {isa = PBXFileReference; lastKnownFileType = text.plist.entitlements; path = BurnRewardComplicationExtension.entitlements; sourceTree = "<group>"; };
/* End PBXFileReference section */

/* Begin PBXFileSystemSynchronizedBuildFileExceptionSet section */
		95DEE9112FE24A5100170856 /* Exceptions for "BurnRewardComplication" folder in "BurnRewardComplicationExtension" target */ = {
			isa = PBXFileSystemSynchronizedBuildFileExceptionSet;
			membershipExceptions = (
				Info.plist,
			);
			target = 95DEE8FF2FE24A4F00170856 /* BurnRewardComplicationExtension */;
		};
		95DEE91D2FE2515700170856 /* Exceptions for "BurnReward Watch App" folder in "BurnRewardComplicationExtension" target */ = {
			isa = PBXFileSystemSynchronizedBuildFileExceptionSet;
			membershipExceptions = (
				SharedState.swift,
			);
			target = 95DEE8FF2FE24A4F00170856 /* BurnRewardComplicationExtension */;
		};
		95DEE9212FE25BD700170856 /* Exceptions for "BurnReward Watch App" folder in "BurnReward Watch App" target */ = {
			isa = PBXFileSystemSynchronizedBuildFileExceptionSet;
			membershipExceptions = (
				"BurnReward-Watch-App-Info.plist",
			);
			target = 95DEE8CB2FE2393A00170856 /* BurnReward Watch App */;
		};
		95DEE9312FE2AAAA00170856 /* Exceptions for "BurnReward Watch App" folder in "BurnReward" target */ = {
			isa = PBXFileSystemSynchronizedBuildFileExceptionSet;
			membershipExceptions = (
				LiveQuestSnapshot.swift,
				QuestMetadata.swift,
				Reward.swift,
				RewardLibrary.swift,
			);
			target = 95DEE8BE2FE2393800170856 /* BurnReward */;
		};
/* End PBXFileSystemSynchronizedBuildFileExceptionSet section */

/* Begin PBXFileSystemSynchronizedRootGroup section */
		95DEE8C12FE2393800170856 /* BurnReward */ = {
			isa = PBXFileSystemSynchronizedRootGroup;
			path = BurnReward;
			sourceTree = "<group>";
		};
		95DEE8D02FE2393A00170856 /* BurnReward Watch App */ = {
			isa = PBXFileSystemSynchronizedRootGroup;
			exceptions = (
				95DEE9312FE2AAAA00170856 /* Exceptions for "BurnReward Watch App" folder in "BurnReward" target */,
				95DEE9212FE25BD700170856 /* Exceptions for "BurnReward Watch App" folder in "BurnReward Watch App" target */,
				95DEE91D2FE2515700170856 /* Exceptions for "BurnReward Watch App" folder in "BurnRewardComplicationExtension" target */,
			);
			path = "BurnReward Watch App";
			sourceTree = "<group>";
		};
		95DEE9062FE24A4F00170856 /* BurnRewardComplication */ = {
			isa = PBXFileSystemSynchronizedRootGroup;
			exceptions = (
				95DEE9112FE24A5100170856 /* Exceptions for "BurnRewardComplication" folder in "BurnRewardComplicationExtension" target */,
			);
			path = BurnRewardComplication;
			sourceTree = "<group>";
		};
/* End PBXFileSystemSynchronizedRootGroup section */

/* Begin PBXFrameworksBuildPhase section */
		95DEE8BC2FE2393800170856 /* Frameworks */ = {
			isa = PBXFrameworksBuildPhase;
			buildActionMask = 2147483647;
			files = (
			);
			runOnlyForDeploymentPostprocessing = 0;
		};
		95DEE8C92FE2393A00170856 /* Frameworks */ = {
			isa = PBXFrameworksBuildPhase;
			buildActionMask = 2147483647;
			files = (
			);
			runOnlyForDeploymentPostprocessing = 0;
		};
		95DEE8FD2FE24A4F00170856 /* Frameworks */ = {
			isa = PBXFrameworksBuildPhase;
			buildActionMask = 2147483647;
			files = (
				95DEE9052FE24A4F00170856 /* SwiftUI.framework in Frameworks */,
				95DEE9032FE24A4F00170856 /* WidgetKit.framework in Frameworks */,
			);
			runOnlyForDeploymentPostprocessing = 0;
		};
/* End PBXFrameworksBuildPhase section */

/* Begin PBXGroup section */
		95DEE8B62FE2393700170856 = {
			isa = PBXGroup;
			children = (
				95DEE91F2FE2598D00170856 /* BurnRewardComplicationExtension.entitlements */,
				95DEE8C12FE2393800170856 /* BurnReward */,
				95DEE8D02FE2393A00170856 /* BurnReward Watch App */,
				95DEE9062FE24A4F00170856 /* BurnRewardComplication */,
				95DEE9012FE24A4F00170856 /* Frameworks */,
				95DEE8C02FE2393800170856 /* Products */,
			);
			sourceTree = "<group>";
		};
		95DEE8C02FE2393800170856 /* Products */ = {
			isa = PBXGroup;
			children = (
				95DEE8BF2FE2393800170856 /* BurnReward.app */,
				95DEE8CC2FE2393A00170856 /* BurnReward Watch App.app */,
				95DEE9002FE24A4F00170856 /* BurnRewardComplicationExtension.appex */,
			);
			name = Products;
			sourceTree = "<group>";
		};
		95DEE9012FE24A4F00170856 /* Frameworks */ = {
			isa = PBXGroup;
			children = (
				95DEE9022FE24A4F00170856 /* WidgetKit.framework */,
				95DEE9042FE24A4F00170856 /* SwiftUI.framework */,
			);
			name = Frameworks;
			sourceTree = "<group>";
		};
/* End PBXGroup section */

/* Begin PBXNativeTarget section */
		95DEE8BE2FE2393800170856 /* BurnReward */ = {
			isa = PBXNativeTarget;
			buildConfigurationList = 95DEE8DD2FE2393B00170856 /* Build configuration list for PBXNativeTarget "BurnReward" */;
			buildPhases = (
				95DEE8BB2FE2393800170856 /* Sources */,
				95DEE8BC2FE2393800170856 /* Frameworks */,
				95DEE8BD2FE2393800170856 /* Resources */,
				95DEE8DC2FE2393B00170856 /* Embed Watch Content */,
			);
			buildRules = (
			);
			dependencies = (
				95DEE8CF2FE2393A00170856 /* PBXTargetDependency */,
			);
			fileSystemSynchronizedGroups = (
				95DEE8C12FE2393800170856 /* BurnReward */,
			);
			name = BurnReward;
			packageProductDependencies = (
			);
			productName = BurnReward;
			productReference = 95DEE8BF2FE2393800170856 /* BurnReward.app */;
			productType = "com.apple.product-type.application";
		};
		95DEE8CB2FE2393A00170856 /* BurnReward Watch App */ = {
			isa = PBXNativeTarget;
			buildConfigurationList = 95DEE8D92FE2393B00170856 /* Build configuration list for PBXNativeTarget "BurnReward Watch App" */;
			buildPhases = (
				95DEE8C82FE2393A00170856 /* Sources */,
				95DEE8C92FE2393A00170856 /* Frameworks */,
				95DEE8CA2FE2393A00170856 /* Resources */,
				95DEE9152FE24A5100170856 /* Embed Foundation Extensions */,
				95DEE9222FE26E6400170856 /* ShellScript */,
			);
			buildRules = (
			);
			dependencies = (
				95DEE90F2FE24A5100170856 /* PBXTargetDependency */,
			);
			fileSystemSynchronizedGroups = (
				95DEE8D02FE2393A00170856 /* BurnReward Watch App */,
			);
			name = "BurnReward Watch App";
			packageProductDependencies = (
			);
			productName = "BurnReward Watch App";
			productReference = 95DEE8CC2FE2393A00170856 /* BurnReward Watch App.app */;
			productType = "com.apple.product-type.application";
		};
		95DEE8FF2FE24A4F00170856 /* BurnRewardComplicationExtension */ = {
			isa = PBXNativeTarget;
			buildConfigurationList = 95DEE9122FE24A5100170856 /* Build configuration list for PBXNativeTarget "BurnRewardComplicationExtension" */;
			buildPhases = (
				95DEE8FC2FE24A4F00170856 /* Sources */,
				95DEE8FD2FE24A4F00170856 /* Frameworks */,
				95DEE8FE2FE24A4F00170856 /* Resources */,
			);
			buildRules = (
			);
			dependencies = (
			);
			fileSystemSynchronizedGroups = (
				95DEE9062FE24A4F00170856 /* BurnRewardComplication */,
			);
			name = BurnRewardComplicationExtension;
			packageProductDependencies = (
			);
			productName = BurnRewardComplicationExtension;
			productReference = 95DEE9002FE24A4F00170856 /* BurnRewardComplicationExtension.appex */;
			productType = "com.apple.product-type.app-extension";
		};
/* End PBXNativeTarget section */

/* Begin PBXProject section */
		95DEE8B72FE2393700170856 /* Project object */ = {
			isa = PBXProject;
			attributes = {
				BuildIndependentTargetsInParallel = 1;
				LastSwiftUpdateCheck = 2650;
				LastUpgradeCheck = 2650;
				TargetAttributes = {
					95DEE8BE2FE2393800170856 = {
						CreatedOnToolsVersion = 26.5;
						LastSwiftMigration = 2650;
					};
					95DEE8CB2FE2393A00170856 = {
						CreatedOnToolsVersion = 26.5;
						LastSwiftMigration = 2650;
					};
					95DEE8FF2FE24A4F00170856 = {
						CreatedOnToolsVersion = 26.5;
						LastSwiftMigration = 2650;
					};
				};
			};
			buildConfigurationList = 95DEE8BA2FE2393700170856 /* Build configuration list for PBXProject "BurnReward" */;
			developmentRegion = en;
			hasScannedForEncodings = 0;
			knownRegions = (
				en,
				Base,
			);
			mainGroup = 95DEE8B62FE2393700170856;
			minimizedProjectReferenceProxies = 1;
			preferredProjectObjectVersion = 77;
			productRefGroup = 95DEE8C02FE2393800170856 /* Products */;
			projectDirPath = "";
			projectRoot = "";
			targets = (
				95DEE8BE2FE2393800170856 /* BurnReward */,
				95DEE8CB2FE2393A00170856 /* BurnReward Watch App */,
				95DEE8FF2FE24A4F00170856 /* BurnRewardComplicationExtension */,
			);
		};
/* End PBXProject section */

/* Begin PBXResourcesBuildPhase section */
		95DEE8BD2FE2393800170856 /* Resources */ = {
			isa = PBXResourcesBuildPhase;
			buildActionMask = 2147483647;
			files = (
			);
			runOnlyForDeploymentPostprocessing = 0;
		};
		95DEE8CA2FE2393A00170856 /* Resources */ = {
			isa = PBXResourcesBuildPhase;
			buildActionMask = 2147483647;
			files = (
			);
			runOnlyForDeploymentPostprocessing = 0;
		};
		95DEE8FE2FE24A4F00170856 /* Resources */ = {
			isa = PBXResourcesBuildPhase;
			buildActionMask = 2147483647;
			files = (
			);
			runOnlyForDeploymentPostprocessing = 0;
		};
/* End PBXResourcesBuildPhase section */

/* Begin PBXShellScriptBuildPhase section */
		95DEE9222FE26E6400170856 /* ShellScript */ = {
			isa = PBXShellScriptBuildPhase;
			alwaysOutOfDate = 1;
			buildActionMask = 2147483647;
			files = (
			);
			inputFileListPaths = (
			);
			inputPaths = (
			);
			outputFileListPaths = (
			);
			outputPaths = (
			);
			runOnlyForDeploymentPostprocessing = 0;
			shellPath = /bin/sh;
			shellScript = "# Type a script or drag a script file from your workspace to insert its path.\nPLIST=\"${TARGET_BUILD_DIR}/${INFOPLIST_PATH}\"\nif [ -f \"$PLIST\" ]; then\n  /usr/libexec/PlistBuddy -c \"Delete :MinimumOSVersion~ipad\" \"$PLIST\" 2>/dev/null || true\nfi\n";
		};
/* End PBXShellScriptBuildPhase section */

/* Begin PBXSourcesBuildPhase section */
		95DEE8BB2FE2393800170856 /* Sources */ = {
			isa = PBXSourcesBuildPhase;
			buildActionMask = 2147483647;
			files = (
			);
			runOnlyForDeploymentPostprocessing = 0;
		};
		95DEE8C82FE2393A00170856 /* Sources */ = {
			isa = PBXSourcesBuildPhase;
			buildActionMask = 2147483647;
			files = (
			);
			runOnlyForDeploymentPostprocessing = 0;
		};
		95DEE8FC2FE24A4F00170856 /* Sources */ = {
			isa = PBXSourcesBuildPhase;
			buildActionMask = 2147483647;
			files = (
			);
			runOnlyForDeploymentPostprocessing = 0;
		};
/* End PBXSourcesBuildPhase section */

/* Begin PBXTargetDependency section */
		95DEE8CF2FE2393A00170856 /* PBXTargetDependency */ = {
			isa = PBXTargetDependency;
			target = 95DEE8CB2FE2393A00170856 /* BurnReward Watch App */;
			targetProxy = 95DEE8CE2FE2393A00170856 /* PBXContainerItemProxy */;
		};
		95DEE90F2FE24A5100170856 /* PBXTargetDependency */ = {
			isa = PBXTargetDependency;
			target = 95DEE8FF2FE24A4F00170856 /* BurnRewardComplicationExtension */;
			targetProxy = 95DEE90E2FE24A5100170856 /* PBXContainerItemProxy */;
		};
/* End PBXTargetDependency section */

/* Begin XCBuildConfiguration section */
		95DEE8D72FE2393B00170856 /* Debug */ = {
			isa = XCBuildConfiguration;
			buildSettings = {
				ALWAYS_SEARCH_USER_PATHS = NO;
				ASSETCATALOG_COMPILER_GENERATE_SWIFT_ASSET_SYMBOL_EXTENSIONS = YES;
				CLANG_ANALYZER_NONNULL = YES;
				CLANG_ANALYZER_NUMBER_OBJECT_CONVERSION = YES_AGGRESSIVE;
				CLANG_CXX_LANGUAGE_STANDARD = "gnu++20";
				CLANG_ENABLE_MODULES = YES;
				CLANG_ENABLE_OBJC_ARC = YES;
				CLANG_ENABLE_OBJC_WEAK = YES;
				CLANG_WARN_BLOCK_CAPTURE_AUTORELEASING = YES;
				CLANG_WARN_BOOL_CONVERSION = YES;
				CLANG_WARN_COMMA = YES;
				CLANG_WARN_CONSTANT_CONVERSION = YES;
				CLANG_WARN_DEPRECATED_OBJC_IMPLEMENTATIONS = YES;
				CLANG_WARN_DIRECT_OBJC_ISA_USAGE = YES_ERROR;
				CLANG_WARN_DOCUMENTATION_COMMENTS = YES;
				CLANG_WARN_EMPTY_BODY = YES;
				CLANG_WARN_ENUM_CONVERSION = YES;
				CLANG_WARN_INFINITE_RECURSION = YES;
				CLANG_WARN_INT_CONVERSION = YES;
				CLANG_WARN_NON_LITERAL_NULL_CONVERSION = YES;
				CLANG_WARN_OBJC_IMPLICIT_RETAIN_SELF = YES;
				CLANG_WARN_OBJC_LITERAL_CONVERSION = YES;
				CLANG_WARN_OBJC_ROOT_CLASS = YES_ERROR;
				CLANG_WARN_QUOTED_INCLUDE_IN_FRAMEWORK_HEADER = YES;
				CLANG_WARN_RANGE_LOOP_ANALYSIS = YES;
				CLANG_WARN_STRICT_PROTOTYPES = YES;
				CLANG_WARN_SUSPICIOUS_MOVE = YES;
				CLANG_WARN_UNGUARDED_AVAILABILITY = YES_AGGRESSIVE;
				CLANG_WARN_UNREACHABLE_CODE = YES;
				CLANG_WARN__DUPLICATE_METHOD_MATCH = YES;
				COPY_PHASE_STRIP = NO;
				DEBUG_INFORMATION_FORMAT = dwarf;
				DEVELOPMENT_TEAM = 334V6U8V7S;
				ENABLE_STRICT_OBJC_MSGSEND = YES;
				ENABLE_TESTABILITY = YES;
				ENABLE_USER_SCRIPT_SANDBOXING = YES;
				GCC_C_LANGUAGE_STANDARD = gnu17;
				GCC_DYNAMIC_NO_PIC = NO;
				GCC_NO_COMMON_BLOCKS = YES;
				GCC_OPTIMIZATION_LEVEL = 0;
				GCC_PREPROCESSOR_DEFINITIONS = (
					"DEBUG=1",
					"$(inherited)",
				);
				GCC_WARN_64_TO_32_BIT_CONVERSION = YES;
				GCC_WARN_ABOUT_RETURN_TYPE = YES_ERROR;
				GCC_WARN_UNDECLARED_SELECTOR = YES;
				GCC_WARN_UNINITIALIZED_AUTOS = YES_AGGRESSIVE;
				GCC_WARN_UNUSED_FUNCTION = YES;
				GCC_WARN_UNUSED_VARIABLE = YES;
				LOCALIZATION_PREFERS_STRING_CATALOGS = YES;
				MTL_ENABLE_DEBUG_INFO = INCLUDE_SOURCE;
				MTL_FAST_MATH = YES;
				ONLY_ACTIVE_ARCH = YES;
				SWIFT_ACTIVE_COMPILATION_CONDITIONS = "DEBUG $(inherited)";
				SWIFT_OPTIMIZATION_LEVEL = "-Onone";
			};
			name = Debug;
		};
		95DEE8D82FE2393B00170856 /* Release */ = {
			isa = XCBuildConfiguration;
			buildSettings = {
				ALWAYS_SEARCH_USER_PATHS = NO;
				ASSETCATALOG_COMPILER_GENERATE_SWIFT_ASSET_SYMBOL_EXTENSIONS = YES;
				CLANG_ANALYZER_NONNULL = YES;
				CLANG_ANALYZER_NUMBER_OBJECT_CONVERSION = YES_AGGRESSIVE;
				CLANG_CXX_LANGUAGE_STANDARD = "gnu++20";
				CLANG_ENABLE_MODULES = YES;
				CLANG_ENABLE_OBJC_ARC = YES;
				CLANG_ENABLE_OBJC_WEAK = YES;
				CLANG_WARN_BLOCK_CAPTURE_AUTORELEASING = YES;
				CLANG_WARN_BOOL_CONVERSION = YES;
				CLANG_WARN_COMMA = YES;
				CLANG_WARN_CONSTANT_CONVERSION = YES;
				CLANG_WARN_DEPRECATED_OBJC_IMPLEMENTATIONS = YES;
				CLANG_WARN_DIRECT_OBJC_ISA_USAGE = YES_ERROR;
				CLANG_WARN_DOCUMENTATION_COMMENTS = YES;
				CLANG_WARN_EMPTY_BODY = YES;
				CLANG_WARN_ENUM_CONVERSION = YES;
				CLANG_WARN_INFINITE_RECURSION = YES;
				CLANG_WARN_INT_CONVERSION = YES;
				CLANG_WARN_NON_LITERAL_NULL_CONVERSION = YES;
				CLANG_WARN_OBJC_IMPLICIT_RETAIN_SELF = YES;
				CLANG_WARN_OBJC_LITERAL_CONVERSION = YES;
				CLANG_WARN_OBJC_ROOT_CLASS = YES_ERROR;
				CLANG_WARN_QUOTED_INCLUDE_IN_FRAMEWORK_HEADER = YES;
				CLANG_WARN_RANGE_LOOP_ANALYSIS = YES;
				CLANG_WARN_STRICT_PROTOTYPES = YES;
				CLANG_WARN_SUSPICIOUS_MOVE = YES;
				CLANG_WARN_UNGUARDED_AVAILABILITY = YES_AGGRESSIVE;
				CLANG_WARN_UNREACHABLE_CODE = YES;
				CLANG_WARN__DUPLICATE_METHOD_MATCH = YES;
				COPY_PHASE_STRIP = NO;
				DEBUG_INFORMATION_FORMAT = "dwarf-with-dsym";
				DEVELOPMENT_TEAM = 334V6U8V7S;
				ENABLE_NS_ASSERTIONS = NO;
				ENABLE_STRICT_OBJC_MSGSEND = YES;
				ENABLE_USER_SCRIPT_SANDBOXING = YES;
				GCC_C_LANGUAGE_STANDARD = gnu17;
				GCC_NO_COMMON_BLOCKS = YES;
				GCC_WARN_64_TO_32_BIT_CONVERSION = YES;
				GCC_WARN_ABOUT_RETURN_TYPE = YES_ERROR;
				GCC_WARN_UNDECLARED_SELECTOR = YES;
				GCC_WARN_UNINITIALIZED_AUTOS = YES_AGGRESSIVE;
				GCC_WARN_UNUSED_FUNCTION = YES;
				GCC_WARN_UNUSED_VARIABLE = YES;
				LOCALIZATION_PREFERS_STRING_CATALOGS = YES;
				MTL_ENABLE_DEBUG_INFO = NO;
				MTL_FAST_MATH = YES;
				SWIFT_COMPILATION_MODE = wholemodule;
			};
			name = Release;
		};
		95DEE8DA2FE2393B00170856 /* Debug */ = {
			isa = XCBuildConfiguration;
			buildSettings = {
				ASSETCATALOG_COMPILER_APPICON_NAME = AppIcon;
				ASSETCATALOG_COMPILER_GLOBAL_ACCENT_COLOR_NAME = AccentColor;
				CLANG_ENABLE_MODULES = YES;
				CODE_SIGN_ENTITLEMENTS = "BurnReward Watch App/BurnReward Watch App.entitlements";
				CODE_SIGN_STYLE = Automatic;
				CURRENT_PROJECT_VERSION = 30;
				DEVELOPMENT_TEAM = 334V6U8V7S;
				ENABLE_PREVIEWS = YES;
				GENERATE_INFOPLIST_FILE = YES;
				INFOPLIST_FILE = "BurnReward-Watch-App-Info.plist";
				INFOPLIST_KEY_CFBundleDisplayName = BurnReward;
				INFOPLIST_KEY_ITSAppUsesNonExemptEncryption = NO;
				INFOPLIST_KEY_NSHealthShareUsageDescription = "BurnReward reads your active calories burned, heart rate, and step count to track progress toward your reward goal.";
				INFOPLIST_KEY_NSHealthUpdateUsageDescription = "BurnReward saves your workouts to Apple Health.";
				INFOPLIST_KEY_UISupportedInterfaceOrientations = "UIInterfaceOrientationPortrait UIInterfaceOrientationPortraitUpsideDown";
				INFOPLIST_KEY_WKCompanionAppBundleIdentifier = com.burnrewardapp.app;
				LD_RUNPATH_SEARCH_PATHS = (
					"$(inherited)",
					"@executable_path/Frameworks",
				);
				MARKETING_VERSION = 1.1;
				PRODUCT_BUNDLE_IDENTIFIER = com.burnrewardapp.app.watchkitapp;
				PRODUCT_NAME = "$(TARGET_NAME)";
				SDKROOT = watchos;
				SKIP_INSTALL = YES;
				STRING_CATALOG_GENERATE_SYMBOLS = YES;
				SWIFT_APPROACHABLE_CONCURRENCY = YES;
				SWIFT_DEFAULT_ACTOR_ISOLATION = MainActor;
				SWIFT_EMIT_LOC_STRINGS = YES;
				SWIFT_OPTIMIZATION_LEVEL = "-Onone";
				SWIFT_UPCOMING_FEATURE_MEMBER_IMPORT_VISIBILITY = YES;
				SWIFT_VERSION = 5.0;
				TARGETED_DEVICE_FAMILY = 4;
				WATCHOS_DEPLOYMENT_TARGET = 10.6;
			};
			name = Debug;
		};
		95DEE8DB2FE2393B00170856 /* Release */ = {
			isa = XCBuildConfiguration;
			buildSettings = {
				ASSETCATALOG_COMPILER_APPICON_NAME = AppIcon;
				ASSETCATALOG_COMPILER_GLOBAL_ACCENT_COLOR_NAME = AccentColor;
				CLANG_ENABLE_MODULES = YES;
				CODE_SIGN_ENTITLEMENTS = "BurnReward Watch App/BurnReward Watch App.entitlements";
				CODE_SIGN_STYLE = Automatic;
				CURRENT_PROJECT_VERSION = 30;
				DEVELOPMENT_TEAM = 334V6U8V7S;
				ENABLE_PREVIEWS = YES;
				GENERATE_INFOPLIST_FILE = YES;
				INFOPLIST_FILE = "BurnReward-Watch-App-Info.plist";
				INFOPLIST_KEY_CFBundleDisplayName = BurnReward;
				INFOPLIST_KEY_ITSAppUsesNonExemptEncryption = NO;
				INFOPLIST_KEY_NSHealthShareUsageDescription = "BurnReward reads your active calories burned, heart rate, and step count to track progress toward your reward goal.";
				INFOPLIST_KEY_NSHealthUpdateUsageDescription = "BurnReward saves your workouts to Apple Health.";
				INFOPLIST_KEY_UISupportedInterfaceOrientations = "UIInterfaceOrientationPortrait UIInterfaceOrientationPortraitUpsideDown";
				INFOPLIST_KEY_WKCompanionAppBundleIdentifier = com.burnrewardapp.app;
				LD_RUNPATH_SEARCH_PATHS = (
					"$(inherited)",
					"@executable_path/Frameworks",
				);
				MARKETING_VERSION = 1.1;
				PRODUCT_BUNDLE_IDENTIFIER = com.burnrewardapp.app.watchkitapp;
				PRODUCT_NAME = "$(TARGET_NAME)";
				SDKROOT = watchos;
				SKIP_INSTALL = YES;
				STRING_CATALOG_GENERATE_SYMBOLS = YES;
				SWIFT_APPROACHABLE_CONCURRENCY = YES;
				SWIFT_DEFAULT_ACTOR_ISOLATION = MainActor;
				SWIFT_EMIT_LOC_STRINGS = YES;
				SWIFT_UPCOMING_FEATURE_MEMBER_IMPORT_VISIBILITY = YES;
				SWIFT_VERSION = 5.0;
				TARGETED_DEVICE_FAMILY = 4;
				VALIDATE_PRODUCT = YES;
				WATCHOS_DEPLOYMENT_TARGET = 10.6;
			};
			name = Release;
		};
		95DEE8DE2FE2393B00170856 /* Debug */ = {
			isa = XCBuildConfiguration;
			buildSettings = {
				ASSETCATALOG_COMPILER_APPICON_NAME = AppIcon;
				ASSETCATALOG_COMPILER_GLOBAL_ACCENT_COLOR_NAME = AccentColor;
				CLANG_ENABLE_MODULES = YES;
				CODE_SIGN_ENTITLEMENTS = BurnReward/BurnReward.entitlements;
				CODE_SIGN_STYLE = Automatic;
				CURRENT_PROJECT_VERSION = 30;
				DEVELOPMENT_TEAM = 334V6U8V7S;
				ENABLE_PREVIEWS = YES;
				GENERATE_INFOPLIST_FILE = YES;
				INFOPLIST_FILE = "BurnReward-iOS-Info.plist";
				INFOPLIST_KEY_CFBundleDisplayName = BurnReward;
				INFOPLIST_KEY_ITSAppUsesNonExemptEncryption = NO;
				INFOPLIST_KEY_NSHealthShareUsageDescription = "BurnReward reads the workouts it saved from your Apple Watch to show your quest history, streaks, and level.";
				INFOPLIST_KEY_NSHealthUpdateUsageDescription = "BurnReward never writes health data from your iPhone — workouts are saved to Apple Health by the Apple Watch app.";
				INFOPLIST_KEY_UIApplicationSceneManifest_Generation = YES;
				INFOPLIST_KEY_UIApplicationSupportsIndirectInputEvents = YES;
				INFOPLIST_KEY_UILaunchScreen_Generation = YES;
				INFOPLIST_KEY_UISupportedInterfaceOrientations_iPad = "UIInterfaceOrientationPortrait UIInterfaceOrientationPortraitUpsideDown UIInterfaceOrientationLandscapeLeft UIInterfaceOrientationLandscapeRight";
				INFOPLIST_KEY_UISupportedInterfaceOrientations_iPhone = "UIInterfaceOrientationPortrait UIInterfaceOrientationLandscapeLeft UIInterfaceOrientationLandscapeRight";
				IPHONEOS_DEPLOYMENT_TARGET = 17.6;
				LD_RUNPATH_SEARCH_PATHS = (
					"$(inherited)",
					"@executable_path/Frameworks",
				);
				MARKETING_VERSION = 1.1;
				PRODUCT_BUNDLE_IDENTIFIER = com.burnrewardapp.app;
				PRODUCT_NAME = "$(TARGET_NAME)";
				SDKROOT = iphoneos;
				STRING_CATALOG_GENERATE_SYMBOLS = YES;
				SUPPORTED_PLATFORMS = "iphoneos iphonesimulator";
				SUPPORTS_MACCATALYST = NO;
				SUPPORTS_MAC_DESIGNED_FOR_IPHONE_IPAD = NO;
				SUPPORTS_XR_DESIGNED_FOR_IPHONE_IPAD = NO;
				SWIFT_APPROACHABLE_CONCURRENCY = YES;
				SWIFT_DEFAULT_ACTOR_ISOLATION = MainActor;
				SWIFT_EMIT_LOC_STRINGS = YES;
				SWIFT_OPTIMIZATION_LEVEL = "-Onone";
				SWIFT_UPCOMING_FEATURE_MEMBER_IMPORT_VISIBILITY = YES;
				SWIFT_VERSION = 5.0;
				TARGETED_DEVICE_FAMILY = 1;
			};
			name = Debug;
		};
		95DEE8DF2FE2393B00170856 /* Release */ = {
			isa = XCBuildConfiguration;
			buildSettings = {
				ASSETCATALOG_COMPILER_APPICON_NAME = AppIcon;
				ASSETCATALOG_COMPILER_GLOBAL_ACCENT_COLOR_NAME = AccentColor;
				CLANG_ENABLE_MODULES = YES;
				CODE_SIGN_ENTITLEMENTS = BurnReward/BurnReward.entitlements;
				CODE_SIGN_STYLE = Automatic;
				CURRENT_PROJECT_VERSION = 30;
				DEVELOPMENT_TEAM = 334V6U8V7S;
				ENABLE_PREVIEWS = YES;
				GENERATE_INFOPLIST_FILE = YES;
				INFOPLIST_FILE = "BurnReward-iOS-Info.plist";
				INFOPLIST_KEY_CFBundleDisplayName = BurnReward;
				INFOPLIST_KEY_ITSAppUsesNonExemptEncryption = NO;
				INFOPLIST_KEY_NSHealthShareUsageDescription = "BurnReward reads the workouts it saved from your Apple Watch to show your quest history, streaks, and level.";
				INFOPLIST_KEY_NSHealthUpdateUsageDescription = "BurnReward never writes health data from your iPhone — workouts are saved to Apple Health by the Apple Watch app.";
				INFOPLIST_KEY_UIApplicationSceneManifest_Generation = YES;
				INFOPLIST_KEY_UIApplicationSupportsIndirectInputEvents = YES;
				INFOPLIST_KEY_UILaunchScreen_Generation = YES;
				INFOPLIST_KEY_UISupportedInterfaceOrientations_iPad = "UIInterfaceOrientationPortrait UIInterfaceOrientationPortraitUpsideDown UIInterfaceOrientationLandscapeLeft UIInterfaceOrientationLandscapeRight";
				INFOPLIST_KEY_UISupportedInterfaceOrientations_iPhone = "UIInterfaceOrientationPortrait UIInterfaceOrientationLandscapeLeft UIInterfaceOrientationLandscapeRight";
				IPHONEOS_DEPLOYMENT_TARGET = 17.6;
				LD_RUNPATH_SEARCH_PATHS = (
					"$(inherited)",
					"@executable_path/Frameworks",
				);
				MARKETING_VERSION = 1.1;
				PRODUCT_BUNDLE_IDENTIFIER = com.burnrewardapp.app;
				PRODUCT_NAME = "$(TARGET_NAME)";
				SDKROOT = iphoneos;
				STRING_CATALOG_GENERATE_SYMBOLS = YES;
				SUPPORTED_PLATFORMS = "iphoneos iphonesimulator";
				SUPPORTS_MACCATALYST = NO;
				SUPPORTS_MAC_DESIGNED_FOR_IPHONE_IPAD = NO;
				SUPPORTS_XR_DESIGNED_FOR_IPHONE_IPAD = NO;
				SWIFT_APPROACHABLE_CONCURRENCY = YES;
				SWIFT_DEFAULT_ACTOR_ISOLATION = MainActor;
				SWIFT_EMIT_LOC_STRINGS = YES;
				SWIFT_UPCOMING_FEATURE_MEMBER_IMPORT_VISIBILITY = YES;
				SWIFT_VERSION = 5.0;
				TARGETED_DEVICE_FAMILY = 1;
				VALIDATE_PRODUCT = YES;
			};
			name = Release;
		};
		95DEE9132FE24A5100170856 /* Debug */ = {
			isa = XCBuildConfiguration;
			buildSettings = {
				ASSETCATALOG_COMPILER_GLOBAL_ACCENT_COLOR_NAME = AccentColor;
				ASSETCATALOG_COMPILER_WIDGET_BACKGROUND_COLOR_NAME = WidgetBackground;
				CLANG_ENABLE_MODULES = YES;
				CODE_SIGN_ENTITLEMENTS = BurnRewardComplicationExtension.entitlements;
				CODE_SIGN_STYLE = Automatic;
				CURRENT_PROJECT_VERSION = 30;
				DEVELOPMENT_TEAM = 334V6U8V7S;
				GENERATE_INFOPLIST_FILE = YES;
				INFOPLIST_FILE = BurnRewardComplication/Info.plist;
				INFOPLIST_KEY_CFBundleDisplayName = BurnRewardComplication;
				INFOPLIST_KEY_NSHumanReadableCopyright = "";
				LD_RUNPATH_SEARCH_PATHS = (
					"$(inherited)",
					"@executable_path/Frameworks",
					"@executable_path/../../Frameworks",
					"@executable_path/../../../../Frameworks",
				);
				MARKETING_VERSION = 1.1;
				PRODUCT_BUNDLE_IDENTIFIER = com.burnrewardapp.app.watchkitapp.BurnRewardComplication;
				PRODUCT_NAME = "$(TARGET_NAME)";
				SDKROOT = watchos;
				SKIP_INSTALL = YES;
				STRING_CATALOG_GENERATE_SYMBOLS = YES;
				SWIFT_APPROACHABLE_CONCURRENCY = YES;
				SWIFT_EMIT_LOC_STRINGS = YES;
				SWIFT_OPTIMIZATION_LEVEL = "-Onone";
				SWIFT_UPCOMING_FEATURE_MEMBER_IMPORT_VISIBILITY = YES;
				SWIFT_VERSION = 5.0;
				TARGETED_DEVICE_FAMILY = 4;
				WATCHOS_DEPLOYMENT_TARGET = 10.6;
			};
			name = Debug;
		};
		95DEE9142FE24A5100170856 /* Release */ = {
			isa = XCBuildConfiguration;
			buildSettings = {
				ASSETCATALOG_COMPILER_GLOBAL_ACCENT_COLOR_NAME = AccentColor;
				ASSETCATALOG_COMPILER_WIDGET_BACKGROUND_COLOR_NAME = WidgetBackground;
				CLANG_ENABLE_MODULES = YES;
				CODE_SIGN_ENTITLEMENTS = BurnRewardComplicationExtension.entitlements;
				CODE_SIGN_STYLE = Automatic;
				CURRENT_PROJECT_VERSION = 30;
				DEVELOPMENT_TEAM = 334V6U8V7S;
				GENERATE_INFOPLIST_FILE = YES;
				INFOPLIST_FILE = BurnRewardComplication/Info.plist;
				INFOPLIST_KEY_CFBundleDisplayName = BurnRewardComplication;
				INFOPLIST_KEY_NSHumanReadableCopyright = "";
				LD_RUNPATH_SEARCH_PATHS = (
					"$(inherited)",
					"@executable_path/Frameworks",
					"@executable_path/../../Frameworks",
					"@executable_path/../../../../Frameworks",
				);
				MARKETING_VERSION = 1.1;
				PRODUCT_BUNDLE_IDENTIFIER = com.burnrewardapp.app.watchkitapp.BurnRewardComplication;
				PRODUCT_NAME = "$(TARGET_NAME)";
				SDKROOT = watchos;
				SKIP_INSTALL = YES;
				STRING_CATALOG_GENERATE_SYMBOLS = YES;
				SWIFT_APPROACHABLE_CONCURRENCY = YES;
				SWIFT_EMIT_LOC_STRINGS = YES;
				SWIFT_UPCOMING_FEATURE_MEMBER_IMPORT_VISIBILITY = YES;
				SWIFT_VERSION = 5.0;
				TARGETED_DEVICE_FAMILY = 4;
				VALIDATE_PRODUCT = YES;
				WATCHOS_DEPLOYMENT_TARGET = 10.6;
			};
			name = Release;
		};
/* End XCBuildConfiguration section */

/* Begin XCConfigurationList section */
		95DEE8BA2FE2393700170856 /* Build configuration list for PBXProject "BurnReward" */ = {
			isa = XCConfigurationList;
			buildConfigurations = (
				95DEE8D72FE2393B00170856 /* Debug */,
				95DEE8D82FE2393B00170856 /* Release */,
			);
			defaultConfigurationIsVisible = 0;
			defaultConfigurationName = Release;
		};
		95DEE8D92FE2393B00170856 /* Build configuration list for PBXNativeTarget "BurnReward Watch App" */ = {
			isa = XCConfigurationList;
			buildConfigurations = (
				95DEE8DA2FE2393B00170856 /* Debug */,
				95DEE8DB2FE2393B00170856 /* Release */,
			);
			defaultConfigurationIsVisible = 0;
			defaultConfigurationName = Release;
		};
		95DEE8DD2FE2393B00170856 /* Build configuration list for PBXNativeTarget "BurnReward" */ = {
			isa = XCConfigurationList;
			buildConfigurations = (
				95DEE8DE2FE2393B00170856 /* Debug */,
				95DEE8DF2FE2393B00170856 /* Release */,
			);
			defaultConfigurationIsVisible = 0;
			defaultConfigurationName = Release;
		};
		95DEE9122FE24A5100170856 /* Build configuration list for PBXNativeTarget "BurnRewardComplicationExtension" */ = {
			isa = XCConfigurationList;
			buildConfigurations = (
				95DEE9132FE24A5100170856 /* Debug */,
				95DEE9142FE24A5100170856 /* Release */,
			);
			defaultConfigurationIsVisible = 0;
			defaultConfigurationName = Release;
		};
/* End XCConfigurationList section */
	};
	rootObject = 95DEE8B72FE2393700170856 /* Project object */;
}
